
Microsoft Visual Studio Solution File, Format Version 12.00
# Visual Studio 15
VisualStudioVersion = 15.0.25618.0
MinimumVisualStudioVersion = 10.0.40219.1
Project("{FAE04EC0-301F-11D3-BF4B-00C04F79EFBC}") = "Apples Or Oranges", "Apples Or Oranges\Apples Or Oranges.csproj", "{3321B4D8-5802-41CD-B328-73D9AD933BAF}"
EndProject
Global
	GlobalSection(SolutionConfigurationPlatforms) = preSolution
		Debug|Any CPU = Debug|Any CPU
		Release|Any CPU = Release|Any CPU
	EndGlobalSection
	GlobalSection(ProjectConfigurationPlatforms) = postSolution
		{3321B4D8-5802-41CD-B328-73D9AD933BAF}.Debug|Any CPU.ActiveCfg = Debug|Any CPU
		{3321B4D8-5802-41CD-B328-73D9AD933BAF}.Debug|Any CPU.Build.0 = Debug|Any CPU
		{3321B4D8-5802-41CD-B328-73D9AD933BAF}.Release|Any CPU.ActiveCfg = Release|Any CPU
		{3321B4D8-5802-41CD-B328-73D9AD933BAF}.Release|Any CPU.Build.0 = Release|Any CPU
	EndGlobalSection
	GlobalSection(SolutionProperties) = preSolution
		HideSolutionNode = FALSE
	EndGlobalSection
EndGlobal
